// !$*UTF8*$!
{
	archiveVersion = 1;
	classes = {
	};
	objectVersion = 56;
	objects = {

/* Begin PBXBuildFile section */
		E31234052B34F29700DCA130 /* AppDelegate.swift in Sources */ = {isa = PBXBuildFile; fileRef = E31234042B34F29700DCA130 /* AppDelegate.swift */; };
		E31234072B34F29700DCA130 /* SceneDelegate.swift in Sources */ = {isa = PBXBuildFile; fileRef = E31234062B34F29700DCA130 /* SceneDelegate.swift */; };
		E31234092B34F29700DCA130 /* ViewController.swift in Sources */ = {isa = PBXBuildFile; fileRef = E31234082B34F29700DCA130 /* ViewController.swift */; };
		E312340C2B34F29700DCA130 /* Main.storyboard in Resources */ = {isa = PBXBuildFile; fileRef = E312340A2B34F29700DCA130 /* Main.storyboard */; };
		E312340E2B34F29800DCA130 /* Assets.xcassets in Resources */ = {isa = PBXBuildFile; fileRef = E312340D2B34F29800DCA130 /* Assets.xcassets */; };
		E31234112B34F29800DCA130 /* LaunchScreen.storyboard in Resources */ = {isa = PBXBuildFile; fileRef = E312340F2B34F29800DCA130 /* LaunchScreen.storyboard */; };
		E31234192B3509DF00DCA130 /* Devide.swift in Sources */ = {isa = PBXBuildFile; fileRef = E31234182B3509DF00DCA130 /* Devide.swift */; };
/* End PBXBuildFile section */

/* Begin PBXFileReference section */
		E31234012B34F29700DCA130 /* 12.UICollectionView_diffabledatasource_compisitionallayout.app */ = {isa = PBXFileReference; explicitFileType = wrapper.application; includeInIndex = 0; path = 12.UICollectionView_diffabledatasource_compisitionallayout.app; sourceTree = BUILT_PRODUCTS_DIR; };
		E31234042B34F29700DCA130 /* AppDelegate.swift */ = {isa = PBXFileReference; lastKnownFileType = sourcecode.swift; path = AppDelegate.swift; sourceTree = "<group>"; };
		E31234062B34F29700DCA130 /* SceneDelegate.swift */ = {isa = PBXFileReference; lastKnownFileType = sourcecode.swift; path = SceneDelegate.swift; sourceTree = "<group>"; };
		E31234082B34F29700DCA130 /* ViewController.swift */ = {isa = PBXFileReference; lastKnownFileType = sourcecode.swift; path = ViewController.swift; sourceTree = "<group>"; };
		E312340B2B34F29700DCA130 /* Base */ = {isa = PBXFileReference; lastKnownFileType = file.storyboard; name = Base; path = Base.lproj/Main.storyboard; sourceTree = "<group>"; };
		E312340D2B34F29800DCA130 /* Assets.xcassets */ = {isa = PBXFileReference; lastKnownFileType = folder.assetcatalog; path = Assets.xcassets; sourceTree = "<group>"; };
		E31234102B34F29800DCA130 /* Base */ = {isa = PBXFileReference; lastKnownFileType = file.storyboard; name = Base; path = Base.lproj/LaunchScreen.storyboard; sourceTree = "<group>"; };
		E31234122B34F29800DCA130 /* Info.plist */ = {isa = PBXFileReference; lastKnownFileType = text.plist.xml; path = Info.plist; sourceTree = "<group>"; };
		E31234182B3509DF00DCA130 /* Devide.swift */ = {isa = PBXFileReference; lastKnownFileType = sourcecode.swift; path = Devide.swift; sourceTree = "<group>"; };
/* End PBXFileReference section */

/* Begin PBXFrameworksBuildPhase section */
		E31233FE2B34F29700DCA130 /* Frameworks */ = {
			isa = PBXFrameworksBuildPhase;
			buildActionMask = 2147483647;
			files = (
			);
			runOnlyForDeploymentPostprocessing = 0;
		};
/* End PBXFrameworksBuildPhase section */

/* Begin PBXGroup section */
		E31233F82B34F29600DCA130 = {
			isa = PBXGroup;
			children = (
				E31234032B34F29700DCA130 /* 12.UICollectionView_diffabledatasource_compisitionallayout */,
				E31234022B34F29700DCA130 /* Products */,
			);
			sourceTree = "<group>";
		};
		E31234022B34F29700DCA130 /* Products */ = {
			isa = PBXGroup;
			children = (
				E31234012B34F29700DCA130 /* 12.UICollectionView_diffabledatasource_compisitionallayout.app */,
			);
			name = Products;
			sourceTree = "<group>";
		};
		E31234032B34F29700DCA130 /* 12.UICollectionView_diffabledatasource_compisitionallayout */ = {
			isa = PBXGroup;
			children = (
				E31234042B34F29700DCA130 /* AppDelegate.swift */,
				E31234062B34F29700DCA130 /* SceneDelegate.swift */,
				E31234082B34F29700DCA130 /* ViewController.swift */,
				E31234182B3509DF00DCA130 /* Devide.swift */,
				E312340A2B34F29700DCA130 /* Main.storyboard */,
				E312340D2B34F29800DCA130 /* Assets.xcassets */,
				E312340F2B34F29800DCA130 /* LaunchScreen.storyboard */,
				E31234122B34F29800DCA130 /* Info.plist */,
			);
			path = 12.UICollectionView_diffabledatasource_compisitionallayout;
			sourceTree = "<group>";
		};
/* End PBXGroup section */

/* Begin PBXNativeTarget section */
		E31234002B34F29700DCA130 /* 12.UICollectionView_diffabledatasource_compisitionallayout */ = {
			isa = PBXNativeTarget;
			buildConfigurationList = E31234152B34F29800DCA130 /* Build configuration list for PBXNativeTarget "12.UICollectionView_diffabledatasource_compisitionallayout" */;
			buildPhases = (
				E31233FD2B34F29700DCA130 /* Sources */,
				E31233FE2B34F29700DCA130 /* Frameworks */,
				E31233FF2B34F29700DCA130 /* Resources */,
			);
			buildRules = (
			);
			dependencies = (
			);
			name = 12.UICollectionView_diffabledatasource_compisitionallayout;
			productName = 12.UICollectionView_diffabledatasource_compisitionallayout;
			productReference = E31234012B34F29700DCA130 /* 12.UICollectionView_diffabledatasource_compisitionallayout.app */;
			productType = "com.apple.product-type.application";
		};
/* End PBXNativeTarget section */

/* Begin PBXProject section */
		E31233F92B34F29600DCA130 /* Project object */ = {
			isa = PBXProject;
			attributes = {
				BuildIndependentTargetsInParallel = 1;
				LastSwiftUpdateCheck = 1500;
				LastUpgradeCheck = 1500;
				TargetAttributes = {
					E31234002B34F29700DCA130 = {
						CreatedOnToolsVersion = 15.0;
					};
				};
			};
			buildConfigurationList = E31233FC2B34F29600DCA130 /* Build configuration list for PBXProject "12.UICollectionView_diffabledatasource_compisitionallayout" */;
			compatibilityVersion = "Xcode 14.0";
			developmentRegion = en;
			hasScannedForEncodings = 0;
			knownRegions = (
				en,
				Base,
			);
			mainGroup = E31233F82B34F29600DCA130;
			productRefGroup = E31234022B34F29700DCA130 /* Products */;
			projectDirPath = "";
			projectRoot = "";
			targets = (
				E31234002B34F29700DCA130 /* 12.UICollectionView_diffabledatasource_compisitionallayout */,
			);
		};
/* End PBXProject section */

/* Begin PBXResourcesBuildPhase section */
		E31233FF2B34F29700DCA130 /* Resources */ = {
			isa = PBXResourcesBuildPhase;
			buildActionMask = 2147483647;
			files = (
				E31234112B34F29800DCA130 /* LaunchScreen.storyboard in Resources */,
				E312340E2B34F29800DCA130 /* Assets.xcassets in Resources */,
				E312340C2B34F29700DCA130 /* Main.storyboard in Resources */,
			);
			runOnlyForDeploymentPostprocessing = 0;
		};
/* End PBXResourcesBuildPhase section */

/* Begin PBXSourcesBuildPhase section */
		E31233FD2B34F29700DCA130 /* Sources */ = {
			isa = PBXSourcesBuildPhase;
			buildActionMask = 2147483647;
			files = (
				E31234192B3509DF00DCA130 /* Devide.swift in Sources */,
				E31234092B34F29700DCA130 /* ViewController.swift in Sources */,
				E31234052B34F29700DCA130 /* AppDelegate.swift in Sources */,
				E31234072B34F29700DCA130 /* SceneDelegate.swift in Sources */,
			);
			runOnlyForDeploymentPostprocessing = 0;
		};
/* End PBXSourcesBuildPhase section */

/* Begin PBXVariantGroup section */
		E312340A2B34F29700DCA130 /* Main.storyboard */ = {
			isa = PBXVariantGroup;
			children = (
				E312340B2B34F29700DCA130 /* Base */,
			);
			name = Main.storyboard;
			sourceTree = "<group>";
		};
		E312340F2B34F29800DCA130 /* LaunchScreen.storyboard */ = {
			isa = PBXVariantGroup;
			children = (
				E31234102B34F29800DCA130 /* Base */,
			);
			name = LaunchScreen.storyboard;
			sourceTree = "<group>";
		};
/* End PBXVariantGroup section */

/* Begin XCBuildConfiguration section */
		E31234132B34F29800DCA130 /* Debug */ = {
			isa = XCBuildConfiguration;
			buildSettings = {
				ALWAYS_SEARCH_USER_PATHS = NO;
				ASSETCATALOG_COMPILER_GENERATE_SWIFT_ASSET_SYMBOL_EXTENSIONS = YES;
				CLANG_ANALYZER_NONNULL = YES;
				CLANG_ANALYZER_NUMBER_OBJECT_CONVERSION = YES_AGGRESSIVE;
				CLANG_CXX_LANGUAGE_STANDARD = "gnu++20";
				CLANG_ENABLE_MODULES = YES;
				CLANG_ENABLE_OBJC_ARC = YES;
				CLANG_ENABLE_OBJC_WEAK = YES;
				CLANG_WARN_BLOCK_CAPTURE_AUTORELEASING = YES;
				CLANG_WARN_BOOL_CONVERSION = YES;
				CLANG_WARN_COMMA = YES;
				CLANG_WARN_CONSTANT_CONVERSION = YES;
				CLANG_WARN_DEPRECATED_OBJC_IMPLEMENTATIONS = YES;
				CLANG_WARN_DIRECT_OBJC_ISA_USAGE = YES_ERROR;
				CLANG_WARN_DOCUMENTATION_COMMENTS = YES;
				CLANG_WARN_EMPTY_BODY = YES;
				CLANG_WARN_ENUM_CONVERSION = YES;
				CLANG_WARN_INFINITE_RECURSION = YES;
				CLANG_WARN_INT_CONVERSION = YES;
				CLANG_WARN_NON_LITERAL_NULL_CONVERSION = YES;
				CLANG_WARN_OBJC_IMPLICIT_RETAIN_SELF = YES;
				CLANG_WARN_OBJC_LITERAL_CONVERSION = YES;
				CLANG_WARN_OBJC_ROOT_CLASS = YES_ERROR;
				CLANG_WARN_QUOTED_INCLUDE_IN_FRAMEWORK_HEADER = YES;
				CLANG_WARN_RANGE_LOOP_ANALYSIS = YES;
				CLANG_WARN_STRICT_PROTOTYPES = YES;
				CLANG_WARN_SUSPICIOUS_MOVE = YES;
				CLANG_WARN_UNGUARDED_AVAILABILITY = YES_AGGRESSIVE;
				CLANG_WARN_UNREACHABLE_CODE = YES;
				CLANG_WARN__DUPLICATE_METHOD_MATCH = YES;
				COPY_PHASE_STRIP = NO;
				DEBUG_INFORMATION_FORMAT = dwarf;
				ENABLE_STRICT_OBJC_MSGSEND = YES;
				ENABLE_TESTABILITY = YES;
				ENABLE_USER_SCRIPT_SANDBOXING = YES;
				GCC_C_LANGUAGE_STANDARD = gnu17;
				GCC_DYNAMIC_NO_PIC = NO;
				GCC_NO_COMMON_BLOCKS = YES;
				GCC_OPTIMIZATION_LEVEL = 0;
				GCC_PREPROCESSOR_DEFINITIONS = (
					"DEBUG=1",
					"$(inherited)",
				);
				GCC_WARN_64_TO_32_BIT_CONVERSION = YES;
				GCC_WARN_ABOUT_RETURN_TYPE = YES_ERROR;
				GCC_WARN_UNDECLARED_SELECTOR = YES;
				GCC_WARN_UNINITIALIZED_AUTOS = YES_AGGRESSIVE;
				GCC_WARN_UNUSED_FUNCTION = YES;
				GCC_WARN_UNUSED_VARIABLE = YES;
				IPHONEOS_DEPLOYMENT_TARGET = 17.0;
				LOCALIZATION_PREFERS_STRING_CATALOGS = YES;
				MTL_ENABLE_DEBUG_INFO = INCLUDE_SOURCE;
				MTL_FAST_MATH = YES;
				ONLY_ACTIVE_ARCH = YES;
				SDKROOT = iphoneos;
				SWIFT_ACTIVE_COMPILATION_CONDITIONS = "DEBUG $(inherited)";
				SWIFT_OPTIMIZATION_LEVEL = "-Onone";
			};
			name = Debug;
		};
		E31234142B34F29800DCA130 /* Release */ = {
			isa = XCBuildConfiguration;
			buildSettings = {
				ALWAYS_SEARCH_USER_PATHS = NO;
				ASSETCATALOG_COMPILER_GENERATE_SWIFT_ASSET_SYMBOL_EXTENSIONS = YES;
				CLANG_ANALYZER_NONNULL = YES;
				CLANG_ANALYZER_NUMBER_OBJECT_CONVERSION = YES_AGGRESSIVE;
				CLANG_CXX_LANGUAGE_STANDARD = "gnu++20";
				CLANG_ENABLE_MODULES = YES;
				CLANG_ENABLE_OBJC_ARC = YES;
				CLANG_ENABLE_OBJC_WEAK = YES;
				CLANG_WARN_BLOCK_CAPTURE_AUTORELEASING = YES;
				CLANG_WARN_BOOL_CONVERSION = YES;
				CLANG_WARN_COMMA = YES;
				CLANG_WARN_CONSTANT_CONVERSION = YES;
				CLANG_WARN_DEPRECATED_OBJC_IMPLEMENTATIONS = YES;
				CLANG_WARN_DIRECT_OBJC_ISA_USAGE = YES_ERROR;
				CLANG_WARN_DOCUMENTATION_COMMENTS = YES;
				CLANG_WARN_EMPTY_BODY = YES;
				CLANG_WARN_ENUM_CONVERSION = YES;
				CLANG_WARN_INFINITE_RECURSION = YES;
				CLANG_WARN_INT_CONVERSION = YES;
				CLANG_WARN_NON_LITERAL_NULL_CONVERSION = YES;
				CLANG_WARN_OBJC_IMPLICIT_RETAIN_SELF = YES;
				CLANG_WARN_OBJC_LITERAL_CONVERSION = YES;
				CLANG_WARN_OBJC_ROOT_CLASS = YES_ERROR;
				CLANG_WARN_QUOTED_INCLUDE_IN_FRAMEWORK_HEADER = YES;
				CLANG_WARN_RANGE_LOOP_ANALYSIS = YES;
				CLANG_WARN_STRICT_PROTOTYPES = YES;
				CLANG_WARN_SUSPICIOUS_MOVE = YES;
				CLANG_WARN_UNGUARDED_AVAILABILITY = YES_AGGRESSIVE;
				CLANG_WARN_UNREACHABLE_CODE = YES;
				CLANG_WARN__DUPLICATE_METHOD_MATCH = YES;
				COPY_PHASE_STRIP = NO;
				DEBUG_INFORMATION_FORMAT = "dwarf-with-dsym";
				ENABLE_NS_ASSERTIONS = NO;
				ENABLE_STRICT_OBJC_MSGSEND = YES;
				ENABLE_USER_SCRIPT_SANDBOXING = YES;
				GCC_C_LANGUAGE_STANDARD = gnu17;
				GCC_NO_COMMON_BLOCKS = YES;
				GCC_WARN_64_TO_32_BIT_CONVERSION = YES;
				GCC_WARN_ABOUT_RETURN_TYPE = YES_ERROR;
				GCC_WARN_UNDECLARED_SELECTOR = YES;
				GCC_WARN_UNINITIALIZED_AUTOS = YES_AGGRESSIVE;
				GCC_WARN_UNUSED_FUNCTION = YES;
				GCC_WARN_UNUSED_VARIABLE = YES;
				IPHONEOS_DEPLOYMENT_TARGET = 17.0;
				LOCALIZATION_PREFERS_STRING_CATALOGS = YES;
				MTL_ENABLE_DEBUG_INFO = NO;
				MTL_FAST_MATH = YES;
				SDKROOT = iphoneos;
				SWIFT_COMPILATION_MODE = wholemodule;
				VALIDATE_PRODUCT = YES;
			};
			name = Release;
		};
		E31234162B34F29800DCA130 /* Debug */ = {
			isa = XCBuildConfiguration;
			buildSettings = {
				ASSETCATALOG_COMPILER_APPICON_NAME = AppIcon;
				ASSETCATALOG_COMPILER_GLOBAL_ACCENT_COLOR_NAME = AccentColor;
				CODE_SIGN_STYLE = Automatic;
				CURRENT_PROJECT_VERSION = 1;
				DEVELOPMENT_TEAM = 7VP5583697;
				GENERATE_INFOPLIST_FILE = YES;
				INFOPLIST_FILE = 12.UICollectionView_diffabledatasource_compisitionallayout/Info.plist;
				INFOPLIST_KEY_UIApplicationSupportsIndirectInputEvents = YES;
				INFOPLIST_KEY_UILaunchStoryboardName = LaunchScreen;
				INFOPLIST_KEY_UIMainStoryboardFile = Main;
				INFOPLIST_KEY_UISupportedInterfaceOrientations = UIInterfaceOrientationPortrait;
				INFOPLIST_KEY_UISupportedInterfaceOrientations_iPad = "UIInterfaceOrientationLandscapeLeft UIInterfaceOrientationLandscapeRight UIInterfaceOrientationPortrait UIInterfaceOrientationPortraitUpsideDown";
				LD_RUNPATH_SEARCH_PATHS = (
					"$(inherited)",
					"@executable_path/Frameworks",
				);
				MARKETING_VERSION = 1.0;
				PRODUCT_BUNDLE_IDENTIFIER = "com.collectionview.-2-UICollectionView-diffabledatasource-compisitionallayout";
				PRODUCT_NAME = "$(TARGET_NAME)";
				SUPPORTED_PLATFORMS = "iphoneos iphonesimulator";
				SUPPORTS_MACCATALYST = NO;
				SWIFT_EMIT_LOC_STRINGS = YES;
				SWIFT_VERSION = 5.0;
				TARGETED_DEVICE_FAMILY = 1;
			};
			name = Debug;
		};
		E31234172B34F29800DCA130 /* Release */ = {
			isa = XCBuildConfiguration;
			buildSettings = {
				ASSETCATALOG_COMPILER_APPICON_NAME = AppIcon;
				ASSETCATALOG_COMPILER_GLOBAL_ACCENT_COLOR_NAME = AccentColor;
				CODE_SIGN_STYLE = Automatic;
				CURRENT_PROJECT_VERSION = 1;
				DEVELOPMENT_TEAM = 7VP5583697;
				GENERATE_INFOPLIST_FILE = YES;
				INFOPLIST_FILE = 12.UICollectionView_diffabledatasource_compisitionallayout/Info.plist;
				INFOPLIST_KEY_UIApplicationSupportsIndirectInputEvents = YES;
				INFOPLIST_KEY_UILaunchStoryboardName = LaunchScreen;
				INFOPLIST_KEY_UIMainStoryboardFile = Main;
				INFOPLIST_KEY_UISupportedInterfaceOrientations = UIInterfaceOrientationPortrait;
				INFOPLIST_KEY_UISupportedInterfaceOrientations_iPad = "UIInterfaceOrientationLandscapeLeft UIInterfaceOrientationLandscapeRight UIInterfaceOrientationPortrait UIInterfaceOrientationPortraitUpsideDown";
				LD_RUNPATH_SEARCH_PATHS = (
					"$(inherited)",
					"@executable_path/Frameworks",
				);
				MARKETING_VERSION = 1.0;
				PRODUCT_BUNDLE_IDENTIFIER = "com.collectionview.-2-UICollectionView-diffabledatasource-compisitionallayout";
				PRODUCT_NAME = "$(TARGET_NAME)";
				SUPPORTED_PLATFORMS = "iphoneos iphonesimulator";
				SUPPORTS_MACCATALYST = NO;
				SWIFT_EMIT_LOC_STRINGS = YES;
				SWIFT_VERSION = 5.0;
				TARGETED_DEVICE_FAMILY = 1;
			};
			name = Release;
		};
/* End XCBuildConfiguration section */

/* Begin XCConfigurationList section */
		E31233FC2B34F29600DCA130 /* Build configuration list for PBXProject "12.UICollectionView_diffabledatasource_compisitionallayout" */ = {
			isa = XCConfigurationList;
			buildConfigurations = (
				E31234132B34F29800DCA130 /* Debug */,
				E31234142B34F29800DCA130 /* Release */,
			);
			defaultConfigurationIsVisible = 0;
			defaultConfigurationName = Release;
		};
		E31234152B34F29800DCA130 /* Build configuration list for PBXNativeTarget "12.UICollectionView_diffabledatasource_compisitionallayout" */ = {
			isa = XCConfigurationList;
			buildConfigurations = (
				E31234162B34F29800DCA130 /* Debug */,
				E31234172B34F29800DCA130 /* Release */,
			);
			defaultConfigurationIsVisible = 0;
			defaultConfigurationName = Release;
		};
/* End XCConfigurationList section */
	};
	rootObject = E31233F92B34F29600DCA130 /* Project object */;
}
