// !$*UTF8*$!
{
	archiveVersion = 1;
	classes = {
	};
	objectVersion = 56;
	objects = {

/* Begin PBXBuildFile section */
		E31234322B3532AD00DCA130 /* AppDelegate.swift in Sources */ = {isa = PBXBuildFile; fileRef = E31234312B3532AD00DCA130 /* AppDelegate.swift */; };
		E31234342B3532AD00DCA130 /* SceneDelegate.swift in Sources */ = {isa = PBXBuildFile; fileRef = E31234332B3532AD00DCA130 /* SceneDelegate.swift */; };
		E31234362B3532AD00DCA130 /* ViewController.swift in Sources */ = {isa = PBXBuildFile; fileRef = E31234352B3532AD00DCA130 /* ViewController.swift */; };
		E31234392B3532AD00DCA130 /* Main.storyboard in Resources */ = {isa = PBXBuildFile; fileRef = E31234372B3532AD00DCA130 /* Main.storyboard */; };
		E312343B2B3532AF00DCA130 /* Assets.xcassets in Resources */ = {isa = PBXBuildFile; fileRef = E312343A2B3532AF00DCA130 /* Assets.xcassets */; };
		E312343E2B3532AF00DCA130 /* LaunchScreen.storyboard in Resources */ = {isa = PBXBuildFile; fileRef = E312343C2B3532AF00DCA130 /* LaunchScreen.storyboard */; };
		E31234462B3545A700DCA130 /* APIClient.swift in Sources */ = {isa = PBXBuildFile; fileRef = E31234452B3545A700DCA130 /* APIClient.swift */; };
		E31234482B3546E000DCA130 /* PokemonResponseDataModel.swift in Sources */ = {isa = PBXBuildFile; fileRef = E31234472B3546E000DCA130 /* PokemonResponseDataModel.swift */; };
		E31234502B354F3C00DCA130 /* ViewController2.swift in Sources */ = {isa = PBXBuildFile; fileRef = E312344F2B354F3C00DCA130 /* ViewController2.swift */; };
/* End PBXBuildFile section */

/* Begin PBXFileReference section */
		E312342E2B3532AD00DCA130 /* 13.DelegationPattern.app */ = {isa = PBXFileReference; explicitFileType = wrapper.application; includeInIndex = 0; path = 13.DelegationPattern.app; sourceTree = BUILT_PRODUCTS_DIR; };
		E31234312B3532AD00DCA130 /* AppDelegate.swift */ = {isa = PBXFileReference; lastKnownFileType = sourcecode.swift; path = AppDelegate.swift; sourceTree = "<group>"; };
		E31234332B3532AD00DCA130 /* SceneDelegate.swift */ = {isa = PBXFileReference; lastKnownFileType = sourcecode.swift; path = SceneDelegate.swift; sourceTree = "<group>"; };
		E31234352B3532AD00DCA130 /* ViewController.swift */ = {isa = PBXFileReference; lastKnownFileType = sourcecode.swift; path = ViewController.swift; sourceTree = "<group>"; };
		E31234382B3532AD00DCA130 /* Base */ = {isa = PBXFileReference; lastKnownFileType = file.storyboard; name = Base; path = Base.lproj/Main.storyboard; sourceTree = "<group>"; };
		E312343A2B3532AF00DCA130 /* Assets.xcassets */ = {isa = PBXFileReference; lastKnownFileType = folder.assetcatalog; path = Assets.xcassets; sourceTree = "<group>"; };
		E312343D2B3532AF00DCA130 /* Base */ = {isa = PBXFileReference; lastKnownFileType = file.storyboard; name = Base; path = Base.lproj/LaunchScreen.storyboard; sourceTree = "<group>"; };
		E312343F2B3532AF00DCA130 /* Info.plist */ = {isa = PBXFileReference; lastKnownFileType = text.plist.xml; path = Info.plist; sourceTree = "<group>"; };
		E31234452B3545A700DCA130 /* APIClient.swift */ = {isa = PBXFileReference; lastKnownFileType = sourcecode.swift; path = APIClient.swift; sourceTree = "<group>"; };
		E31234472B3546E000DCA130 /* PokemonResponseDataModel.swift */ = {isa = PBXFileReference; lastKnownFileType = sourcecode.swift; path = PokemonResponseDataModel.swift; sourceTree = "<group>"; };
		E312344F2B354F3C00DCA130 /* ViewController2.swift */ = {isa = PBXFileReference; lastKnownFileType = sourcecode.swift; path = ViewController2.swift; sourceTree = "<group>"; };
/* End PBXFileReference section */

/* Begin PBXFrameworksBuildPhase section */
		E312342B2B3532AD00DCA130 /* Frameworks */ = {
			isa = PBXFrameworksBuildPhase;
			buildActionMask = 2147483647;
			files = (
			);
			runOnlyForDeploymentPostprocessing = 0;
		};
/* End PBXFrameworksBuildPhase section */

/* Begin PBXGroup section */
		E31234252B3532AD00DCA130 = {
			isa = PBXGroup;
			children = (
				E31234302B3532AD00DCA130 /* 13.DelegationPattern */,
				E312342F2B3532AD00DCA130 /* Products */,
			);
			sourceTree = "<group>";
		};
		E312342F2B3532AD00DCA130 /* Products */ = {
			isa = PBXGroup;
			children = (
				E312342E2B3532AD00DCA130 /* 13.DelegationPattern.app */,
			);
			name = Products;
			sourceTree = "<group>";
		};
		E31234302B3532AD00DCA130 /* 13.DelegationPattern */ = {
			isa = PBXGroup;
			children = (
				E31234312B3532AD00DCA130 /* AppDelegate.swift */,
				E31234332B3532AD00DCA130 /* SceneDelegate.swift */,
				E312344B2B35484800DCA130 /* Model */,
				E312344A2B35484600DCA130 /* View */,
				E31234512B3553A000DCA130 /* Controller */,
				E312344C2B3548A200DCA130 /* Service */,
				E312343A2B3532AF00DCA130 /* Assets.xcassets */,
				E312343F2B3532AF00DCA130 /* Info.plist */,
			);
			path = 13.DelegationPattern;
			sourceTree = "<group>";
		};
		E312344A2B35484600DCA130 /* View */ = {
			isa = PBXGroup;
			children = (
				E31234372B3532AD00DCA130 /* Main.storyboard */,
				E312343C2B3532AF00DCA130 /* LaunchScreen.storyboard */,
			);
			path = View;
			sourceTree = "<group>";
		};
		E312344B2B35484800DCA130 /* Model */ = {
			isa = PBXGroup;
			children = (
				E31234472B3546E000DCA130 /* PokemonResponseDataModel.swift */,
			);
			path = Model;
			sourceTree = "<group>";
		};
		E312344C2B3548A200DCA130 /* Service */ = {
			isa = PBXGroup;
			children = (
				E31234452B3545A700DCA130 /* APIClient.swift */,
			);
			path = Service;
			sourceTree = "<group>";
		};
		E31234512B3553A000DCA130 /* Controller */ = {
			isa = PBXGroup;
			children = (
				E31234352B3532AD00DCA130 /* ViewController.swift */,
				E312344F2B354F3C00DCA130 /* ViewController2.swift */,
			);
			path = Controller;
			sourceTree = "<group>";
		};
/* End PBXGroup section */

/* Begin PBXNativeTarget section */
		E312342D2B3532AD00DCA130 /* 13.DelegationPattern */ = {
			isa = PBXNativeTarget;
			buildConfigurationList = E31234422B3532AF00DCA130 /* Build configuration list for PBXNativeTarget "13.DelegationPattern" */;
			buildPhases = (
				E312342A2B3532AD00DCA130 /* Sources */,
				E312342B2B3532AD00DCA130 /* Frameworks */,
				E312342C2B3532AD00DCA130 /* Resources */,
			);
			buildRules = (
			);
			dependencies = (
			);
			name = 13.DelegationPattern;
			productName = 13.DelegationPattern;
			productReference = E312342E2B3532AD00DCA130 /* 13.DelegationPattern.app */;
			productType = "com.apple.product-type.application";
		};
/* End PBXNativeTarget section */

/* Begin PBXProject section */
		E31234262B3532AD00DCA130 /* Project object */ = {
			isa = PBXProject;
			attributes = {
				BuildIndependentTargetsInParallel = 1;
				LastSwiftUpdateCheck = 1500;
				LastUpgradeCheck = 1500;
				TargetAttributes = {
					E312342D2B3532AD00DCA130 = {
						CreatedOnToolsVersion = 15.0;
					};
				};
			};
			buildConfigurationList = E31234292B3532AD00DCA130 /* Build configuration list for PBXProject "13.DelegationPattern" */;
			compatibilityVersion = "Xcode 14.0";
			developmentRegion = en;
			hasScannedForEncodings = 0;
			knownRegions = (
				en,
				Base,
			);
			mainGroup = E31234252B3532AD00DCA130;
			productRefGroup = E312342F2B3532AD00DCA130 /* Products */;
			projectDirPath = "";
			projectRoot = "";
			targets = (
				E312342D2B3532AD00DCA130 /* 13.DelegationPattern */,
			);
		};
/* End PBXProject section */

/* Begin PBXResourcesBuildPhase section */
		E312342C2B3532AD00DCA130 /* Resources */ = {
			isa = PBXResourcesBuildPhase;
			buildActionMask = 2147483647;
			files = (
				E312343E2B3532AF00DCA130 /* LaunchScreen.storyboard in Resources */,
				E312343B2B3532AF00DCA130 /* Assets.xcassets in Resources */,
				E31234392B3532AD00DCA130 /* Main.storyboard in Resources */,
			);
			runOnlyForDeploymentPostprocessing = 0;
		};
/* End PBXResourcesBuildPhase section */

/* Begin PBXSourcesBuildPhase section */
		E312342A2B3532AD00DCA130 /* Sources */ = {
			isa = PBXSourcesBuildPhase;
			buildActionMask = 2147483647;
			files = (
				E31234362B3532AD00DCA130 /* ViewController.swift in Sources */,
				E31234322B3532AD00DCA130 /* AppDelegate.swift in Sources */,
				E31234342B3532AD00DCA130 /* SceneDelegate.swift in Sources */,
				E31234482B3546E000DCA130 /* PokemonResponseDataModel.swift in Sources */,
				E31234462B3545A700DCA130 /* APIClient.swift in Sources */,
				E31234502B354F3C00DCA130 /* ViewController2.swift in Sources */,
			);
			runOnlyForDeploymentPostprocessing = 0;
		};
/* End PBXSourcesBuildPhase section */

/* Begin PBXVariantGroup section */
		E31234372B3532AD00DCA130 /* Main.storyboard */ = {
			isa = PBXVariantGroup;
			children = (
				E31234382B3532AD00DCA130 /* Base */,
			);
			name = Main.storyboard;
			sourceTree = "<group>";
		};
		E312343C2B3532AF00DCA130 /* LaunchScreen.storyboard */ = {
			isa = PBXVariantGroup;
			children = (
				E312343D2B3532AF00DCA130 /* Base */,
			);
			name = LaunchScreen.storyboard;
			sourceTree = "<group>";
		};
/* End PBXVariantGroup section */

/* Begin XCBuildConfiguration section */
		E31234402B3532AF00DCA130 /* Debug */ = {
			isa = XCBuildConfiguration;
			buildSettings = {
				ALWAYS_SEARCH_USER_PATHS = NO;
				ASSETCATALOG_COMPILER_GENERATE_SWIFT_ASSET_SYMBOL_EXTENSIONS = YES;
				CLANG_ANALYZER_NONNULL = YES;
				CLANG_ANALYZER_NUMBER_OBJECT_CONVERSION = YES_AGGRESSIVE;
				CLANG_CXX_LANGUAGE_STANDARD = "gnu++20";
				CLANG_ENABLE_MODULES = YES;
				CLANG_ENABLE_OBJC_ARC = YES;
				CLANG_ENABLE_OBJC_WEAK = YES;
				CLANG_WARN_BLOCK_CAPTURE_AUTORELEASING = YES;
				CLANG_WARN_BOOL_CONVERSION = YES;
				CLANG_WARN_COMMA = YES;
				CLANG_WARN_CONSTANT_CONVERSION = YES;
				CLANG_WARN_DEPRECATED_OBJC_IMPLEMENTATIONS = YES;
				CLANG_WARN_DIRECT_OBJC_ISA_USAGE = YES_ERROR;
				CLANG_WARN_DOCUMENTATION_COMMENTS = YES;
				CLANG_WARN_EMPTY_BODY = YES;
				CLANG_WARN_ENUM_CONVERSION = YES;
				CLANG_WARN_INFINITE_RECURSION = YES;
				CLANG_WARN_INT_CONVERSION = YES;
				CLANG_WARN_NON_LITERAL_NULL_CONVERSION = YES;
				CLANG_WARN_OBJC_IMPLICIT_RETAIN_SELF = YES;
				CLANG_WARN_OBJC_LITERAL_CONVERSION = YES;
				CLANG_WARN_OBJC_ROOT_CLASS = YES_ERROR;
				CLANG_WARN_QUOTED_INCLUDE_IN_FRAMEWORK_HEADER = YES;
				CLANG_WARN_RANGE_LOOP_ANALYSIS = YES;
				CLANG_WARN_STRICT_PROTOTYPES = YES;
				CLANG_WARN_SUSPICIOUS_MOVE = YES;
				CLANG_WARN_UNGUARDED_AVAILABILITY = YES_AGGRESSIVE;
				CLANG_WARN_UNREACHABLE_CODE = YES;
				CLANG_WARN__DUPLICATE_METHOD_MATCH = YES;
				COPY_PHASE_STRIP = NO;
				DEBUG_INFORMATION_FORMAT = dwarf;
				ENABLE_STRICT_OBJC_MSGSEND = YES;
				ENABLE_TESTABILITY = YES;
				ENABLE_USER_SCRIPT_SANDBOXING = YES;
				GCC_C_LANGUAGE_STANDARD = gnu17;
				GCC_DYNAMIC_NO_PIC = NO;
				GCC_NO_COMMON_BLOCKS = YES;
				GCC_OPTIMIZATION_LEVEL = 0;
				GCC_PREPROCESSOR_DEFINITIONS = (
					"DEBUG=1",
					"$(inherited)",
				);
				GCC_WARN_64_TO_32_BIT_CONVERSION = YES;
				GCC_WARN_ABOUT_RETURN_TYPE = YES_ERROR;
				GCC_WARN_UNDECLARED_SELECTOR = YES;
				GCC_WARN_UNINITIALIZED_AUTOS = YES_AGGRESSIVE;
				GCC_WARN_UNUSED_FUNCTION = YES;
				GCC_WARN_UNUSED_VARIABLE = YES;
				IPHONEOS_DEPLOYMENT_TARGET = 17.0;
				LOCALIZATION_PREFERS_STRING_CATALOGS = YES;
				MTL_ENABLE_DEBUG_INFO = INCLUDE_SOURCE;
				MTL_FAST_MATH = YES;
				ONLY_ACTIVE_ARCH = YES;
				SDKROOT = iphoneos;
				SWIFT_ACTIVE_COMPILATION_CONDITIONS = "DEBUG $(inherited)";
				SWIFT_OPTIMIZATION_LEVEL = "-Onone";
			};
			name = Debug;
		};
		E31234412B3532AF00DCA130 /* Release */ = {
			isa = XCBuildConfiguration;
			buildSettings = {
				ALWAYS_SEARCH_USER_PATHS = NO;
				ASSETCATALOG_COMPILER_GENERATE_SWIFT_ASSET_SYMBOL_EXTENSIONS = YES;
				CLANG_ANALYZER_NONNULL = YES;
				CLANG_ANALYZER_NUMBER_OBJECT_CONVERSION = YES_AGGRESSIVE;
				CLANG_CXX_LANGUAGE_STANDARD = "gnu++20";
				CLANG_ENABLE_MODULES = YES;
				CLANG_ENABLE_OBJC_ARC = YES;
				CLANG_ENABLE_OBJC_WEAK = YES;
				CLANG_WARN_BLOCK_CAPTURE_AUTORELEASING = YES;
				CLANG_WARN_BOOL_CONVERSION = YES;
				CLANG_WARN_COMMA = YES;
				CLANG_WARN_CONSTANT_CONVERSION = YES;
				CLANG_WARN_DEPRECATED_OBJC_IMPLEMENTATIONS = YES;
				CLANG_WARN_DIRECT_OBJC_ISA_USAGE = YES_ERROR;
				CLANG_WARN_DOCUMENTATION_COMMENTS = YES;
				CLANG_WARN_EMPTY_BODY = YES;
				CLANG_WARN_ENUM_CONVERSION = YES;
				CLANG_WARN_INFINITE_RECURSION = YES;
				CLANG_WARN_INT_CONVERSION = YES;
				CLANG_WARN_NON_LITERAL_NULL_CONVERSION = YES;
				CLANG_WARN_OBJC_IMPLICIT_RETAIN_SELF = YES;
				CLANG_WARN_OBJC_LITERAL_CONVERSION = YES;
				CLANG_WARN_OBJC_ROOT_CLASS = YES_ERROR;
				CLANG_WARN_QUOTED_INCLUDE_IN_FRAMEWORK_HEADER = YES;
				CLANG_WARN_RANGE_LOOP_ANALYSIS = YES;
				CLANG_WARN_STRICT_PROTOTYPES = YES;
				CLANG_WARN_SUSPICIOUS_MOVE = YES;
				CLANG_WARN_UNGUARDED_AVAILABILITY = YES_AGGRESSIVE;
				CLANG_WARN_UNREACHABLE_CODE = YES;
				CLANG_WARN__DUPLICATE_METHOD_MATCH = YES;
				COPY_PHASE_STRIP = NO;
				DEBUG_INFORMATION_FORMAT = "dwarf-with-dsym";
				ENABLE_NS_ASSERTIONS = NO;
				ENABLE_STRICT_OBJC_MSGSEND = YES;
				ENABLE_USER_SCRIPT_SANDBOXING = YES;
				GCC_C_LANGUAGE_STANDARD = gnu17;
				GCC_NO_COMMON_BLOCKS = YES;
				GCC_WARN_64_TO_32_BIT_CONVERSION = YES;
				GCC_WARN_ABOUT_RETURN_TYPE = YES_ERROR;
				GCC_WARN_UNDECLARED_SELECTOR = YES;
				GCC_WARN_UNINITIALIZED_AUTOS = YES_AGGRESSIVE;
				GCC_WARN_UNUSED_FUNCTION = YES;
				GCC_WARN_UNUSED_VARIABLE = YES;
				IPHONEOS_DEPLOYMENT_TARGET = 17.0;
				LOCALIZATION_PREFERS_STRING_CATALOGS = YES;
				MTL_ENABLE_DEBUG_INFO = NO;
				MTL_FAST_MATH = YES;
				SDKROOT = iphoneos;
				SWIFT_COMPILATION_MODE = wholemodule;
				VALIDATE_PRODUCT = YES;
			};
			name = Release;
		};
		E31234432B3532AF00DCA130 /* Debug */ = {
			isa = XCBuildConfiguration;
			buildSettings = {
				ASSETCATALOG_COMPILER_APPICON_NAME = AppIcon;
				ASSETCATALOG_COMPILER_GLOBAL_ACCENT_COLOR_NAME = AccentColor;
				CODE_SIGN_STYLE = Automatic;
				CURRENT_PROJECT_VERSION = 1;
				DEVELOPMENT_TEAM = 7VP5583697;
				GENERATE_INFOPLIST_FILE = YES;
				INFOPLIST_FILE = 13.DelegationPattern/Info.plist;
				INFOPLIST_KEY_UIApplicationSupportsIndirectInputEvents = YES;
				INFOPLIST_KEY_UILaunchStoryboardName = LaunchScreen;
				INFOPLIST_KEY_UIMainStoryboardFile = Main;
				INFOPLIST_KEY_UISupportedInterfaceOrientations = UIInterfaceOrientationPortrait;
				INFOPLIST_KEY_UISupportedInterfaceOrientations_iPad = "UIInterfaceOrientationLandscapeLeft UIInterfaceOrientationLandscapeRight UIInterfaceOrientationPortrait UIInterfaceOrientationPortraitUpsideDown";
				LD_RUNPATH_SEARCH_PATHS = (
					"$(inherited)",
					"@executable_path/Frameworks",
				);
				MARKETING_VERSION = 1.0;
				PRODUCT_BUNDLE_IDENTIFIER = "com.delegationpattern.-3-DelegationPattern";
				PRODUCT_NAME = "$(TARGET_NAME)";
				SUPPORTED_PLATFORMS = "iphoneos iphonesimulator";
				SUPPORTS_MACCATALYST = NO;
				SWIFT_EMIT_LOC_STRINGS = YES;
				SWIFT_VERSION = 5.0;
				TARGETED_DEVICE_FAMILY = 1;
			};
			name = Debug;
		};
		E31234442B3532AF00DCA130 /* Release */ = {
			isa = XCBuildConfiguration;
			buildSettings = {
				ASSETCATALOG_COMPILER_APPICON_NAME = AppIcon;
				ASSETCATALOG_COMPILER_GLOBAL_ACCENT_COLOR_NAME = AccentColor;
				CODE_SIGN_STYLE = Automatic;
				CURRENT_PROJECT_VERSION = 1;
				DEVELOPMENT_TEAM = 7VP5583697;
				GENERATE_INFOPLIST_FILE = YES;
				INFOPLIST_FILE = 13.DelegationPattern/Info.plist;
				INFOPLIST_KEY_UIApplicationSupportsIndirectInputEvents = YES;
				INFOPLIST_KEY_UILaunchStoryboardName = LaunchScreen;
				INFOPLIST_KEY_UIMainStoryboardFile = Main;
				INFOPLIST_KEY_UISupportedInterfaceOrientations = UIInterfaceOrientationPortrait;
				INFOPLIST_KEY_UISupportedInterfaceOrientations_iPad = "UIInterfaceOrientationLandscapeLeft UIInterfaceOrientationLandscapeRight UIInterfaceOrientationPortrait UIInterfaceOrientationPortraitUpsideDown";
				LD_RUNPATH_SEARCH_PATHS = (
					"$(inherited)",
					"@executable_path/Frameworks",
				);
				MARKETING_VERSION = 1.0;
				PRODUCT_BUNDLE_IDENTIFIER = "com.delegationpattern.-3-DelegationPattern";
				PRODUCT_NAME = "$(TARGET_NAME)";
				SUPPORTED_PLATFORMS = "iphoneos iphonesimulator";
				SUPPORTS_MACCATALYST = NO;
				SWIFT_EMIT_LOC_STRINGS = YES;
				SWIFT_VERSION = 5.0;
				TARGETED_DEVICE_FAMILY = 1;
			};
			name = Release;
		};
/* End XCBuildConfiguration section */

/* Begin XCConfigurationList section */
		E31234292B3532AD00DCA130 /* Build configuration list for PBXProject "13.DelegationPattern" */ = {
			isa = XCConfigurationList;
			buildConfigurations = (
				E31234402B3532AF00DCA130 /* Debug */,
				E31234412B3532AF00DCA130 /* Release */,
			);
			defaultConfigurationIsVisible = 0;
			defaultConfigurationName = Release;
		};
		E31234422B3532AF00DCA130 /* Build configuration list for PBXNativeTarget "13.DelegationPattern" */ = {
			isa = XCConfigurationList;
			buildConfigurations = (
				E31234432B3532AF00DCA130 /* Debug */,
				E31234442B3532AF00DCA130 /* Release */,
			);
			defaultConfigurationIsVisible = 0;
			defaultConfigurationName = Release;
		};
/* End XCConfigurationList section */
	};
	rootObject = E31234262B3532AD00DCA130 /* Project object */;
}
