// !$*UTF8*$!
{
	archiveVersion = 1;
	classes = {
	};
	objectVersion = 56;
	objects = {

/* Begin PBXBuildFile section */
		E374FA572B38E22A00F9D939 /* ViewController2.swift in Sources */ = {isa = PBXBuildFile; fileRef = E374FA552B38E22A00F9D939 /* ViewController2.swift */; };
		E374FA582B38E22A00F9D939 /* ViewController2.xib in Resources */ = {isa = PBXBuildFile; fileRef = E374FA562B38E22A00F9D939 /* ViewController2.xib */; };
		E374FA5A2B38EA8C00F9D939 /* Custoview.swift in Sources */ = {isa = PBXBuildFile; fileRef = E374FA592B38EA8C00F9D939 /* Custoview.swift */; };
		E374FA5C2B38EA9D00F9D939 /* CustomView.xib in Resources */ = {isa = PBXBuildFile; fileRef = E374FA5B2B38EA9D00F9D939 /* CustomView.xib */; };
		E374FA602B394C1700F9D939 /* ViewController3.swift in Sources */ = {isa = PBXBuildFile; fileRef = E374FA5E2B394C1700F9D939 /* ViewController3.swift */; };
		E374FA612B394C1700F9D939 /* ViewController3.xib in Resources */ = {isa = PBXBuildFile; fileRef = E374FA5F2B394C1700F9D939 /* ViewController3.xib */; };
		E376AF592B36B5D200F7CE39 /* AppDelegate.swift in Sources */ = {isa = PBXBuildFile; fileRef = E376AF582B36B5D200F7CE39 /* AppDelegate.swift */; };
		E376AF5B2B36B5D200F7CE39 /* SceneDelegate.swift in Sources */ = {isa = PBXBuildFile; fileRef = E376AF5A2B36B5D200F7CE39 /* SceneDelegate.swift */; };
		E376AF5D2B36B5D200F7CE39 /* ViewController.swift in Sources */ = {isa = PBXBuildFile; fileRef = E376AF5C2B36B5D200F7CE39 /* ViewController.swift */; };
		E376AF602B36B5D200F7CE39 /* Main.storyboard in Resources */ = {isa = PBXBuildFile; fileRef = E376AF5E2B36B5D200F7CE39 /* Main.storyboard */; };
		E376AF622B36B5D300F7CE39 /* Assets.xcassets in Resources */ = {isa = PBXBuildFile; fileRef = E376AF612B36B5D300F7CE39 /* Assets.xcassets */; };
		E376AF652B36B5D300F7CE39 /* LaunchScreen.storyboard in Resources */ = {isa = PBXBuildFile; fileRef = E376AF632B36B5D300F7CE39 /* LaunchScreen.storyboard */; };
/* End PBXBuildFile section */

/* Begin PBXFileReference section */
		E374FA552B38E22A00F9D939 /* ViewController2.swift */ = {isa = PBXFileReference; lastKnownFileType = sourcecode.swift; path = ViewController2.swift; sourceTree = "<group>"; };
		E374FA562B38E22A00F9D939 /* ViewController2.xib */ = {isa = PBXFileReference; lastKnownFileType = file.xib; path = ViewController2.xib; sourceTree = "<group>"; };
		E374FA592B38EA8C00F9D939 /* Custoview.swift */ = {isa = PBXFileReference; lastKnownFileType = sourcecode.swift; path = Custoview.swift; sourceTree = "<group>"; };
		E374FA5B2B38EA9D00F9D939 /* CustomView.xib */ = {isa = PBXFileReference; lastKnownFileType = file.xib; path = CustomView.xib; sourceTree = "<group>"; };
		E374FA5E2B394C1700F9D939 /* ViewController3.swift */ = {isa = PBXFileReference; lastKnownFileType = sourcecode.swift; path = ViewController3.swift; sourceTree = "<group>"; };
		E374FA5F2B394C1700F9D939 /* ViewController3.xib */ = {isa = PBXFileReference; lastKnownFileType = file.xib; path = ViewController3.xib; sourceTree = "<group>"; };
		E376AF552B36B5D100F7CE39 /* 15.XIBs.app */ = {isa = PBXFileReference; explicitFileType = wrapper.application; includeInIndex = 0; path = 15.XIBs.app; sourceTree = BUILT_PRODUCTS_DIR; };
		E376AF582B36B5D200F7CE39 /* AppDelegate.swift */ = {isa = PBXFileReference; lastKnownFileType = sourcecode.swift; path = AppDelegate.swift; sourceTree = "<group>"; };
		E376AF5A2B36B5D200F7CE39 /* SceneDelegate.swift */ = {isa = PBXFileReference; lastKnownFileType = sourcecode.swift; path = SceneDelegate.swift; sourceTree = "<group>"; };
		E376AF5C2B36B5D200F7CE39 /* ViewController.swift */ = {isa = PBXFileReference; lastKnownFileType = sourcecode.swift; path = ViewController.swift; sourceTree = "<group>"; };
		E376AF5F2B36B5D200F7CE39 /* Base */ = {isa = PBXFileReference; lastKnownFileType = file.storyboard; name = Base; path = Base.lproj/Main.storyboard; sourceTree = "<group>"; };
		E376AF612B36B5D300F7CE39 /* Assets.xcassets */ = {isa = PBXFileReference; lastKnownFileType = folder.assetcatalog; path = Assets.xcassets; sourceTree = "<group>"; };
		E376AF642B36B5D300F7CE39 /* Base */ = {isa = PBXFileReference; lastKnownFileType = file.storyboard; name = Base; path = Base.lproj/LaunchScreen.storyboard; sourceTree = "<group>"; };
		E376AF662B36B5D300F7CE39 /* Info.plist */ = {isa = PBXFileReference; lastKnownFileType = text.plist.xml; path = Info.plist; sourceTree = "<group>"; };
/* End PBXFileReference section */

/* Begin PBXFrameworksBuildPhase section */
		E376AF522B36B5D100F7CE39 /* Frameworks */ = {
			isa = PBXFrameworksBuildPhase;
			buildActionMask = 2147483647;
			files = (
			);
			runOnlyForDeploymentPostprocessing = 0;
		};
/* End PBXFrameworksBuildPhase section */

/* Begin PBXGroup section */
		E374FA5D2B38EAAB00F9D939 /* Xibs */ = {
			isa = PBXGroup;
			children = (
				E374FA592B38EA8C00F9D939 /* Custoview.swift */,
				E374FA5B2B38EA9D00F9D939 /* CustomView.xib */,
				E374FA552B38E22A00F9D939 /* ViewController2.swift */,
				E374FA562B38E22A00F9D939 /* ViewController2.xib */,
				E374FA5E2B394C1700F9D939 /* ViewController3.swift */,
				E374FA5F2B394C1700F9D939 /* ViewController3.xib */,
			);
			path = Xibs;
			sourceTree = "<group>";
		};
		E376AF4C2B36B5D100F7CE39 = {
			isa = PBXGroup;
			children = (
				E376AF572B36B5D100F7CE39 /* 15.XIBs */,
				E376AF562B36B5D100F7CE39 /* Products */,
			);
			sourceTree = "<group>";
		};
		E376AF562B36B5D100F7CE39 /* Products */ = {
			isa = PBXGroup;
			children = (
				E376AF552B36B5D100F7CE39 /* 15.XIBs.app */,
			);
			name = Products;
			sourceTree = "<group>";
		};
		E376AF572B36B5D100F7CE39 /* 15.XIBs */ = {
			isa = PBXGroup;
			children = (
				E376AF582B36B5D200F7CE39 /* AppDelegate.swift */,
				E376AF5A2B36B5D200F7CE39 /* SceneDelegate.swift */,
				E376AF5C2B36B5D200F7CE39 /* ViewController.swift */,
				E376AF5E2B36B5D200F7CE39 /* Main.storyboard */,
				E374FA5D2B38EAAB00F9D939 /* Xibs */,
				E376AF612B36B5D300F7CE39 /* Assets.xcassets */,
				E376AF632B36B5D300F7CE39 /* LaunchScreen.storyboard */,
				E376AF662B36B5D300F7CE39 /* Info.plist */,
			);
			path = 15.XIBs;
			sourceTree = "<group>";
		};
/* End PBXGroup section */

/* Begin PBXNativeTarget section */
		E376AF542B36B5D100F7CE39 /* 15.XIBs */ = {
			isa = PBXNativeTarget;
			buildConfigurationList = E376AF692B36B5D300F7CE39 /* Build configuration list for PBXNativeTarget "15.XIBs" */;
			buildPhases = (
				E376AF512B36B5D100F7CE39 /* Sources */,
				E376AF522B36B5D100F7CE39 /* Frameworks */,
				E376AF532B36B5D100F7CE39 /* Resources */,
			);
			buildRules = (
			);
			dependencies = (
			);
			name = 15.XIBs;
			productName = 15.XIBs;
			productReference = E376AF552B36B5D100F7CE39 /* 15.XIBs.app */;
			productType = "com.apple.product-type.application";
		};
/* End PBXNativeTarget section */

/* Begin PBXProject section */
		E376AF4D2B36B5D100F7CE39 /* Project object */ = {
			isa = PBXProject;
			attributes = {
				BuildIndependentTargetsInParallel = 1;
				LastSwiftUpdateCheck = 1500;
				LastUpgradeCheck = 1500;
				TargetAttributes = {
					E376AF542B36B5D100F7CE39 = {
						CreatedOnToolsVersion = 15.0;
					};
				};
			};
			buildConfigurationList = E376AF502B36B5D100F7CE39 /* Build configuration list for PBXProject "15.XIBs" */;
			compatibilityVersion = "Xcode 14.0";
			developmentRegion = en;
			hasScannedForEncodings = 0;
			knownRegions = (
				en,
				Base,
			);
			mainGroup = E376AF4C2B36B5D100F7CE39;
			productRefGroup = E376AF562B36B5D100F7CE39 /* Products */;
			projectDirPath = "";
			projectRoot = "";
			targets = (
				E376AF542B36B5D100F7CE39 /* 15.XIBs */,
			);
		};
/* End PBXProject section */

/* Begin PBXResourcesBuildPhase section */
		E376AF532B36B5D100F7CE39 /* Resources */ = {
			isa = PBXResourcesBuildPhase;
			buildActionMask = 2147483647;
			files = (
				E374FA612B394C1700F9D939 /* ViewController3.xib in Resources */,
				E376AF652B36B5D300F7CE39 /* LaunchScreen.storyboard in Resources */,
				E374FA5C2B38EA9D00F9D939 /* CustomView.xib in Resources */,
				E374FA582B38E22A00F9D939 /* ViewController2.xib in Resources */,
				E376AF622B36B5D300F7CE39 /* Assets.xcassets in Resources */,
				E376AF602B36B5D200F7CE39 /* Main.storyboard in Resources */,
			);
			runOnlyForDeploymentPostprocessing = 0;
		};
/* End PBXResourcesBuildPhase section */

/* Begin PBXSourcesBuildPhase section */
		E376AF512B36B5D100F7CE39 /* Sources */ = {
			isa = PBXSourcesBuildPhase;
			buildActionMask = 2147483647;
			files = (
				E376AF5D2B36B5D200F7CE39 /* ViewController.swift in Sources */,
				E374FA5A2B38EA8C00F9D939 /* Custoview.swift in Sources */,
				E374FA602B394C1700F9D939 /* ViewController3.swift in Sources */,
				E374FA572B38E22A00F9D939 /* ViewController2.swift in Sources */,
				E376AF592B36B5D200F7CE39 /* AppDelegate.swift in Sources */,
				E376AF5B2B36B5D200F7CE39 /* SceneDelegate.swift in Sources */,
			);
			runOnlyForDeploymentPostprocessing = 0;
		};
/* End PBXSourcesBuildPhase section */

/* Begin PBXVariantGroup section */
		E376AF5E2B36B5D200F7CE39 /* Main.storyboard */ = {
			isa = PBXVariantGroup;
			children = (
				E376AF5F2B36B5D200F7CE39 /* Base */,
			);
			name = Main.storyboard;
			sourceTree = "<group>";
		};
		E376AF632B36B5D300F7CE39 /* LaunchScreen.storyboard */ = {
			isa = PBXVariantGroup;
			children = (
				E376AF642B36B5D300F7CE39 /* Base */,
			);
			name = LaunchScreen.storyboard;
			sourceTree = "<group>";
		};
/* End PBXVariantGroup section */

/* Begin XCBuildConfiguration section */
		E376AF672B36B5D300F7CE39 /* Debug */ = {
			isa = XCBuildConfiguration;
			buildSettings = {
				ALWAYS_SEARCH_USER_PATHS = NO;
				ASSETCATALOG_COMPILER_GENERATE_SWIFT_ASSET_SYMBOL_EXTENSIONS = YES;
				CLANG_ANALYZER_NONNULL = YES;
				CLANG_ANALYZER_NUMBER_OBJECT_CONVERSION = YES_AGGRESSIVE;
				CLANG_CXX_LANGUAGE_STANDARD = "gnu++20";
				CLANG_ENABLE_MODULES = YES;
				CLANG_ENABLE_OBJC_ARC = YES;
				CLANG_ENABLE_OBJC_WEAK = YES;
				CLANG_WARN_BLOCK_CAPTURE_AUTORELEASING = YES;
				CLANG_WARN_BOOL_CONVERSION = YES;
				CLANG_WARN_COMMA = YES;
				CLANG_WARN_CONSTANT_CONVERSION = YES;
				CLANG_WARN_DEPRECATED_OBJC_IMPLEMENTATIONS = YES;
				CLANG_WARN_DIRECT_OBJC_ISA_USAGE = YES_ERROR;
				CLANG_WARN_DOCUMENTATION_COMMENTS = YES;
				CLANG_WARN_EMPTY_BODY = YES;
				CLANG_WARN_ENUM_CONVERSION = YES;
				CLANG_WARN_INFINITE_RECURSION = YES;
				CLANG_WARN_INT_CONVERSION = YES;
				CLANG_WARN_NON_LITERAL_NULL_CONVERSION = YES;
				CLANG_WARN_OBJC_IMPLICIT_RETAIN_SELF = YES;
				CLANG_WARN_OBJC_LITERAL_CONVERSION = YES;
				CLANG_WARN_OBJC_ROOT_CLASS = YES_ERROR;
				CLANG_WARN_QUOTED_INCLUDE_IN_FRAMEWORK_HEADER = YES;
				CLANG_WARN_RANGE_LOOP_ANALYSIS = YES;
				CLANG_WARN_STRICT_PROTOTYPES = YES;
				CLANG_WARN_SUSPICIOUS_MOVE = YES;
				CLANG_WARN_UNGUARDED_AVAILABILITY = YES_AGGRESSIVE;
				CLANG_WARN_UNREACHABLE_CODE = YES;
				CLANG_WARN__DUPLICATE_METHOD_MATCH = YES;
				COPY_PHASE_STRIP = NO;
				DEBUG_INFORMATION_FORMAT = dwarf;
				ENABLE_STRICT_OBJC_MSGSEND = YES;
				ENABLE_TESTABILITY = YES;
				ENABLE_USER_SCRIPT_SANDBOXING = YES;
				GCC_C_LANGUAGE_STANDARD = gnu17;
				GCC_DYNAMIC_NO_PIC = NO;
				GCC_NO_COMMON_BLOCKS = YES;
				GCC_OPTIMIZATION_LEVEL = 0;
				GCC_PREPROCESSOR_DEFINITIONS = (
					"DEBUG=1",
					"$(inherited)",
				);
				GCC_WARN_64_TO_32_BIT_CONVERSION = YES;
				GCC_WARN_ABOUT_RETURN_TYPE = YES_ERROR;
				GCC_WARN_UNDECLARED_SELECTOR = YES;
				GCC_WARN_UNINITIALIZED_AUTOS = YES_AGGRESSIVE;
				GCC_WARN_UNUSED_FUNCTION = YES;
				GCC_WARN_UNUSED_VARIABLE = YES;
				IPHONEOS_DEPLOYMENT_TARGET = 17.0;
				LOCALIZATION_PREFERS_STRING_CATALOGS = YES;
				MTL_ENABLE_DEBUG_INFO = INCLUDE_SOURCE;
				MTL_FAST_MATH = YES;
				ONLY_ACTIVE_ARCH = YES;
				SDKROOT = iphoneos;
				SWIFT_ACTIVE_COMPILATION_CONDITIONS = "DEBUG $(inherited)";
				SWIFT_OPTIMIZATION_LEVEL = "-Onone";
			};
			name = Debug;
		};
		E376AF682B36B5D300F7CE39 /* Release */ = {
			isa = XCBuildConfiguration;
			buildSettings = {
				ALWAYS_SEARCH_USER_PATHS = NO;
				ASSETCATALOG_COMPILER_GENERATE_SWIFT_ASSET_SYMBOL_EXTENSIONS = YES;
				CLANG_ANALYZER_NONNULL = YES;
				CLANG_ANALYZER_NUMBER_OBJECT_CONVERSION = YES_AGGRESSIVE;
				CLANG_CXX_LANGUAGE_STANDARD = "gnu++20";
				CLANG_ENABLE_MODULES = YES;
				CLANG_ENABLE_OBJC_ARC = YES;
				CLANG_ENABLE_OBJC_WEAK = YES;
				CLANG_WARN_BLOCK_CAPTURE_AUTORELEASING = YES;
				CLANG_WARN_BOOL_CONVERSION = YES;
				CLANG_WARN_COMMA = YES;
				CLANG_WARN_CONSTANT_CONVERSION = YES;
				CLANG_WARN_DEPRECATED_OBJC_IMPLEMENTATIONS = YES;
				CLANG_WARN_DIRECT_OBJC_ISA_USAGE = YES_ERROR;
				CLANG_WARN_DOCUMENTATION_COMMENTS = YES;
				CLANG_WARN_EMPTY_BODY = YES;
				CLANG_WARN_ENUM_CONVERSION = YES;
				CLANG_WARN_INFINITE_RECURSION = YES;
				CLANG_WARN_INT_CONVERSION = YES;
				CLANG_WARN_NON_LITERAL_NULL_CONVERSION = YES;
				CLANG_WARN_OBJC_IMPLICIT_RETAIN_SELF = YES;
				CLANG_WARN_OBJC_LITERAL_CONVERSION = YES;
				CLANG_WARN_OBJC_ROOT_CLASS = YES_ERROR;
				CLANG_WARN_QUOTED_INCLUDE_IN_FRAMEWORK_HEADER = YES;
				CLANG_WARN_RANGE_LOOP_ANALYSIS = YES;
				CLANG_WARN_STRICT_PROTOTYPES = YES;
				CLANG_WARN_SUSPICIOUS_MOVE = YES;
				CLANG_WARN_UNGUARDED_AVAILABILITY = YES_AGGRESSIVE;
				CLANG_WARN_UNREACHABLE_CODE = YES;
				CLANG_WARN__DUPLICATE_METHOD_MATCH = YES;
				COPY_PHASE_STRIP = NO;
				DEBUG_INFORMATION_FORMAT = "dwarf-with-dsym";
				ENABLE_NS_ASSERTIONS = NO;
				ENABLE_STRICT_OBJC_MSGSEND = YES;
				ENABLE_USER_SCRIPT_SANDBOXING = YES;
				GCC_C_LANGUAGE_STANDARD = gnu17;
				GCC_NO_COMMON_BLOCKS = YES;
				GCC_WARN_64_TO_32_BIT_CONVERSION = YES;
				GCC_WARN_ABOUT_RETURN_TYPE = YES_ERROR;
				GCC_WARN_UNDECLARED_SELECTOR = YES;
				GCC_WARN_UNINITIALIZED_AUTOS = YES_AGGRESSIVE;
				GCC_WARN_UNUSED_FUNCTION = YES;
				GCC_WARN_UNUSED_VARIABLE = YES;
				IPHONEOS_DEPLOYMENT_TARGET = 17.0;
				LOCALIZATION_PREFERS_STRING_CATALOGS = YES;
				MTL_ENABLE_DEBUG_INFO = NO;
				MTL_FAST_MATH = YES;
				SDKROOT = iphoneos;
				SWIFT_COMPILATION_MODE = wholemodule;
				VALIDATE_PRODUCT = YES;
			};
			name = Release;
		};
		E376AF6A2B36B5D300F7CE39 /* Debug */ = {
			isa = XCBuildConfiguration;
			buildSettings = {
				ASSETCATALOG_COMPILER_APPICON_NAME = AppIcon;
				ASSETCATALOG_COMPILER_GLOBAL_ACCENT_COLOR_NAME = AccentColor;
				CODE_SIGN_STYLE = Automatic;
				CURRENT_PROJECT_VERSION = 1;
				DEVELOPMENT_TEAM = 7VP5583697;
				GENERATE_INFOPLIST_FILE = YES;
				INFOPLIST_FILE = 15.XIBs/Info.plist;
				INFOPLIST_KEY_UIApplicationSupportsIndirectInputEvents = YES;
				INFOPLIST_KEY_UILaunchStoryboardName = LaunchScreen;
				INFOPLIST_KEY_UIMainStoryboardFile = Main;
				INFOPLIST_KEY_UISupportedInterfaceOrientations = UIInterfaceOrientationPortrait;
				INFOPLIST_KEY_UISupportedInterfaceOrientations_iPad = "UIInterfaceOrientationLandscapeLeft UIInterfaceOrientationLandscapeRight UIInterfaceOrientationPortrait UIInterfaceOrientationPortraitUpsideDown";
				LD_RUNPATH_SEARCH_PATHS = (
					"$(inherited)",
					"@executable_path/Frameworks",
				);
				MARKETING_VERSION = 1.0;
				PRODUCT_BUNDLE_IDENTIFIER = "com.storyboard.-5-XIBs";
				PRODUCT_NAME = "$(TARGET_NAME)";
				SUPPORTED_PLATFORMS = "iphoneos iphonesimulator";
				SUPPORTS_MACCATALYST = NO;
				SWIFT_EMIT_LOC_STRINGS = YES;
				SWIFT_VERSION = 5.0;
				TARGETED_DEVICE_FAMILY = 1;
			};
			name = Debug;
		};
		E376AF6B2B36B5D300F7CE39 /* Release */ = {
			isa = XCBuildConfiguration;
			buildSettings = {
				ASSETCATALOG_COMPILER_APPICON_NAME = AppIcon;
				ASSETCATALOG_COMPILER_GLOBAL_ACCENT_COLOR_NAME = AccentColor;
				CODE_SIGN_STYLE = Automatic;
				CURRENT_PROJECT_VERSION = 1;
				DEVELOPMENT_TEAM = 7VP5583697;
				GENERATE_INFOPLIST_FILE = YES;
				INFOPLIST_FILE = 15.XIBs/Info.plist;
				INFOPLIST_KEY_UIApplicationSupportsIndirectInputEvents = YES;
				INFOPLIST_KEY_UILaunchStoryboardName = LaunchScreen;
				INFOPLIST_KEY_UIMainStoryboardFile = Main;
				INFOPLIST_KEY_UISupportedInterfaceOrientations = UIInterfaceOrientationPortrait;
				INFOPLIST_KEY_UISupportedInterfaceOrientations_iPad = "UIInterfaceOrientationLandscapeLeft UIInterfaceOrientationLandscapeRight UIInterfaceOrientationPortrait UIInterfaceOrientationPortraitUpsideDown";
				LD_RUNPATH_SEARCH_PATHS = (
					"$(inherited)",
					"@executable_path/Frameworks",
				);
				MARKETING_VERSION = 1.0;
				PRODUCT_BUNDLE_IDENTIFIER = "com.storyboard.-5-XIBs";
				PRODUCT_NAME = "$(TARGET_NAME)";
				SUPPORTED_PLATFORMS = "iphoneos iphonesimulator";
				SUPPORTS_MACCATALYST = NO;
				SWIFT_EMIT_LOC_STRINGS = YES;
				SWIFT_VERSION = 5.0;
				TARGETED_DEVICE_FAMILY = 1;
			};
			name = Release;
		};
/* End XCBuildConfiguration section */

/* Begin XCConfigurationList section */
		E376AF502B36B5D100F7CE39 /* Build configuration list for PBXProject "15.XIBs" */ = {
			isa = XCConfigurationList;
			buildConfigurations = (
				E376AF672B36B5D300F7CE39 /* Debug */,
				E376AF682B36B5D300F7CE39 /* Release */,
			);
			defaultConfigurationIsVisible = 0;
			defaultConfigurationName = Release;
		};
		E376AF692B36B5D300F7CE39 /* Build configuration list for PBXNativeTarget "15.XIBs" */ = {
			isa = XCConfigurationList;
			buildConfigurations = (
				E376AF6A2B36B5D300F7CE39 /* Debug */,
				E376AF6B2B36B5D300F7CE39 /* Release */,
			);
			defaultConfigurationIsVisible = 0;
			defaultConfigurationName = Release;
		};
/* End XCConfigurationList section */
	};
	rootObject = E376AF4D2B36B5D100F7CE39 /* Project object */;
}
